
Microsoft Visual Studio Solution File, Format Version 12.00
# Visual Studio Version 16
VisualStudioVersion = 16.0.31702.278
MinimumVisualStudioVersion = 10.0.40219.1
Project("{2150E333-8FDC-42A3-9474-1A3956D46DE8}") = "Services", "Services", "{81B70170-7265-4D9F-A025-5D8A23A083F3}"
EndProject
Project("{2150E333-8FDC-42A3-9474-1A3956D46DE8}") = "Catalog", "Catalog", "{94D5FCC3-28EC-432B-8BC7-751CF7DD2645}"
EndProject
Project("{FAE04EC0-301F-11D3-BF4B-00C04F79EFBC}") = "Catalog.API", "Services\Catalog\Catalog.API\Catalog.API.csproj", "{97018847-5BAD-41EC-A315-F752935222B7}"
EndProject
Global
	GlobalSection(SolutionConfigurationPlatforms) = preSolution
		Debug|Any CPU = Debug|Any CPU
		Release|Any CPU = Release|Any CPU
	EndGlobalSection
	GlobalSection(ProjectConfigurationPlatforms) = postSolution
		{97018847-5BAD-41EC-A315-F752935222B7}.Debug|Any CPU.ActiveCfg = Debug|Any CPU
		{97018847-5BAD-41EC-A315-F752935222B7}.Debug|Any CPU.Build.0 = Debug|Any CPU
		{97018847-5BAD-41EC-A315-F752935222B7}.Release|Any CPU.ActiveCfg = Release|Any CPU
		{97018847-5BAD-41EC-A315-F752935222B7}.Release|Any CPU.Build.0 = Release|Any CPU
	EndGlobalSection
	GlobalSection(SolutionProperties) = preSolution
		HideSolutionNode = FALSE
	EndGlobalSection
	GlobalSection(NestedProjects) = preSolution
		{94D5FCC3-28EC-432B-8BC7-751CF7DD2645} = {81B70170-7265-4D9F-A025-5D8A23A083F3}
		{97018847-5BAD-41EC-A315-F752935222B7} = {94D5FCC3-28EC-432B-8BC7-751CF7DD2645}
	EndGlobalSection
	GlobalSection(ExtensibilityGlobals) = postSolution
		SolutionGuid = {5108DE8C-92A4-4199-A2DA-3CBBECBDC215}
	EndGlobalSection
EndGlobal
